
Microsoft Visual Studio Solution File, Format Version 12.00
# Visual Studio 14
VisualStudioVersion = 14.0.24720.0
MinimumVisualStudioVersion = 10.0.40219.1
Project("{FAE04EC0-301F-11D3-BF4B-00C04F79EFBC}") = "native.Droid", "native\native.Droid\native.Droid.csproj", "{1CB1F4BE-27CC-4567-B5D5-5C36BE4D0148}"
EndProject
Project("{FAE04EC0-301F-11D3-BF4B-00C04F79EFBC}") = "native.iOS", "native\native.iOS\native.iOS.csproj", "{FB94E4ED-CE54-46AA-9404-4E998355348A}"
EndProject
Project("{FAE04EC0-301F-11D3-BF4B-00C04F79EFBC}") = "native.WinPhone", "native\native.WinPhone\native.WinPhone.csproj", "{4A02EBA9-44A3-4D13-8196-FF9C4B993259}"
EndProject
Project("{FAE04EC0-301F-11D3-BF4B-00C04F79EFBC}") = "native", "native\native\native.csproj", "{EA6D6C6C-E160-414E-8A80-BB99EB2F1479}"
EndProject
Global
	GlobalSection(SolutionConfigurationPlatforms) = preSolution
		AppStore|Any CPU = AppStore|Any CPU
		AppStore|ARM = AppStore|ARM
		AppStore|iPhone = AppStore|iPhone
		AppStore|iPhoneSimulator = AppStore|iPhoneSimulator
		AppStore|x86 = AppStore|x86
		Debug|Any CPU = Debug|Any CPU
		Debug|ARM = Debug|ARM
		Debug|iPhone = Debug|iPhone
		Debug|iPhoneSimulator = Debug|iPhoneSimulator
		Debug|x86 = Debug|x86
		Release|Any CPU = Release|Any CPU
		Release|ARM = Release|ARM
		Release|iPhone = Release|iPhone
		Release|iPhoneSimulator = Release|iPhoneSimulator
		Release|x86 = Release|x86
	EndGlobalSection
	GlobalSection(ProjectConfigurationPlatforms) = postSolution
		{1CB1F4BE-27CC-4567-B5D5-5C36BE4D0148}.AppStore|Any CPU.ActiveCfg = Release|Any CPU
		{1CB1F4BE-27CC-4567-B5D5-5C36BE4D0148}.AppStore|Any CPU.Build.0 = Release|Any CPU
		{1CB1F4BE-27CC-4567-B5D5-5C36BE4D0148}.AppStore|Any CPU.Deploy.0 = Release|Any CPU
		{1CB1F4BE-27CC-4567-B5D5-5C36BE4D0148}.AppStore|ARM.ActiveCfg = Release|Any CPU
		{1CB1F4BE-27CC-4567-B5D5-5C36BE4D0148}.AppStore|ARM.Build.0 = Release|Any CPU
		{1CB1F4BE-27CC-4567-B5D5-5C36BE4D0148}.AppStore|ARM.Deploy.0 = Release|Any CPU
		{1CB1F4BE-27CC-4567-B5D5-5C36BE4D0148}.AppStore|iPhone.ActiveCfg = Release|Any CPU
		{1CB1F4BE-27CC-4567-B5D5-5C36BE4D0148}.AppStore|iPhone.Build.0 = Release|Any CPU
		{1CB1F4BE-27CC-4567-B5D5-5C36BE4D0148}.AppStore|iPhone.Deploy.0 = Release|Any CPU
		{1CB1F4BE-27CC-4567-B5D5-5C36BE4D0148}.AppStore|iPhoneSimulator.ActiveCfg = Release|Any CPU
		{1CB1F4BE-27CC-4567-B5D5-5C36BE4D0148}.AppStore|iPhoneSimulator.Build.0 = Release|Any CPU
		{1CB1F4BE-27CC-4567-B5D5-5C36BE4D0148}.AppStore|iPhoneSimulator.Deploy.0 = Release|Any CPU
		{1CB1F4BE-27CC-4567-B5D5-5C36BE4D0148}.AppStore|x86.ActiveCfg = Release|Any CPU
		{1CB1F4BE-27CC-4567-B5D5-5C36BE4D0148}.AppStore|x86.Build.0 = Release|Any CPU
		{1CB1F4BE-27CC-4567-B5D5-5C36BE4D0148}.AppStore|x86.Deploy.0 = Release|Any CPU
		{1CB1F4BE-27CC-4567-B5D5-5C36BE4D0148}.Debug|Any CPU.ActiveCfg = Debug|Any CPU
		{1CB1F4BE-27CC-4567-B5D5-5C36BE4D0148}.Debug|Any CPU.Build.0 = Debug|Any CPU
		{1CB1F4BE-27CC-4567-B5D5-5C36BE4D0148}.Debug|Any CPU.Deploy.0 = Debug|Any CPU
		{1CB1F4BE-27CC-4567-B5D5-5C36BE4D0148}.Debug|ARM.ActiveCfg = Debug|Any CPU
		{1CB1F4BE-27CC-4567-B5D5-5C36BE4D0148}.Debug|ARM.Build.0 = Debug|Any CPU
		{1CB1F4BE-27CC-4567-B5D5-5C36BE4D0148}.Debug|ARM.Deploy.0 = Debug|Any CPU
		{1CB1F4BE-27CC-4567-B5D5-5C36BE4D0148}.Debug|iPhone.ActiveCfg = Debug|Any CPU
		{1CB1F4BE-27CC-4567-B5D5-5C36BE4D0148}.Debug|iPhone.Build.0 = Debug|Any CPU
		{1CB1F4BE-27CC-4567-B5D5-5C36BE4D0148}.Debug|iPhone.Deploy.0 = Debug|Any CPU
		{1CB1F4BE-27CC-4567-B5D5-5C36BE4D0148}.Debug|iPhoneSimulator.ActiveCfg = Debug|Any CPU
		{1CB1F4BE-27CC-4567-B5D5-5C36BE4D0148}.Debug|iPhoneSimulator.Build.0 = Debug|Any CPU
		{1CB1F4BE-27CC-4567-B5D5-5C36BE4D0148}.Debug|iPhoneSimulator.Deploy.0 = Debug|Any CPU
		{1CB1F4BE-27CC-4567-B5D5-5C36BE4D0148}.Debug|x86.ActiveCfg = Debug|Any CPU
		{1CB1F4BE-27CC-4567-B5D5-5C36BE4D0148}.Debug|x86.Build.0 = Debug|Any CPU
		{1CB1F4BE-27CC-4567-B5D5-5C36BE4D0148}.Debug|x86.Deploy.0 = Debug|Any CPU
		{1CB1F4BE-27CC-4567-B5D5-5C36BE4D0148}.Release|Any CPU.ActiveCfg = Release|Any CPU
		{1CB1F4BE-27CC-4567-B5D5-5C36BE4D0148}.Release|Any CPU.Build.0 = Release|Any CPU
		{1CB1F4BE-27CC-4567-B5D5-5C36BE4D0148}.Release|Any CPU.Deploy.0 = Release|Any CPU
		{1CB1F4BE-27CC-4567-B5D5-5C36BE4D0148}.Release|ARM.ActiveCfg = Release|Any CPU
		{1CB1F4BE-27CC-4567-B5D5-5C36BE4D0148}.Release|ARM.Build.0 = Release|Any CPU
		{1CB1F4BE-27CC-4567-B5D5-5C36BE4D0148}.Release|ARM.Deploy.0 = Release|Any CPU
		{1CB1F4BE-27CC-4567-B5D5-5C36BE4D0148}.Release|iPhone.ActiveCfg = Release|Any CPU
		{1CB1F4BE-27CC-4567-B5D5-5C36BE4D0148}.Release|iPhone.Build.0 = Release|Any CPU
		{1CB1F4BE-27CC-4567-B5D5-5C36BE4D0148}.Release|iPhone.Deploy.0 = Release|Any CPU
		{1CB1F4BE-27CC-4567-B5D5-5C36BE4D0148}.Release|iPhoneSimulator.ActiveCfg = Release|Any CPU
		{1CB1F4BE-27CC-4567-B5D5-5C36BE4D0148}.Release|iPhoneSimulator.Build.0 = Release|Any CPU
		{1CB1F4BE-27CC-4567-B5D5-5C36BE4D0148}.Release|iPhoneSimulator.Deploy.0 = Release|Any CPU
		{1CB1F4BE-27CC-4567-B5D5-5C36BE4D0148}.Release|x86.ActiveCfg = Release|Any CPU
		{1CB1F4BE-27CC-4567-B5D5-5C36BE4D0148}.Release|x86.Build.0 = Release|Any CPU
		{1CB1F4BE-27CC-4567-B5D5-5C36BE4D0148}.Release|x86.Deploy.0 = Release|Any CPU
		{FB94E4ED-CE54-46AA-9404-4E998355348A}.AppStore|Any CPU.ActiveCfg = AppStore|iPhone
		{FB94E4ED-CE54-46AA-9404-4E998355348A}.AppStore|ARM.ActiveCfg = AppStore|iPhone
		{FB94E4ED-CE54-46AA-9404-4E998355348A}.AppStore|iPhone.ActiveCfg = AppStore|iPhone
		{FB94E4ED-CE54-46AA-9404-4E998355348A}.AppStore|iPhone.Build.0 = AppStore|iPhone
		{FB94E4ED-CE54-46AA-9404-4E998355348A}.AppStore|iPhoneSimulator.ActiveCfg = AppStore|iPhoneSimulator
		{FB94E4ED-CE54-46AA-9404-4E998355348A}.AppStore|iPhoneSimulator.Build.0 = AppStore|iPhoneSimulator
		{FB94E4ED-CE54-46AA-9404-4E998355348A}.AppStore|x86.ActiveCfg = AppStore|iPhone
		{FB94E4ED-CE54-46AA-9404-4E998355348A}.Debug|Any CPU.ActiveCfg = Debug|iPhone
		{FB94E4ED-CE54-46AA-9404-4E998355348A}.Debug|ARM.ActiveCfg = Debug|iPhone
		{FB94E4ED-CE54-46AA-9404-4E998355348A}.Debug|iPhone.ActiveCfg = Debug|iPhone
		{FB94E4ED-CE54-46AA-9404-4E998355348A}.Debug|iPhone.Build.0 = Debug|iPhone
		{FB94E4ED-CE54-46AA-9404-4E998355348A}.Debug|iPhoneSimulator.ActiveCfg = Debug|iPhoneSimulator
		{FB94E4ED-CE54-46AA-9404-4E998355348A}.Debug|iPhoneSimulator.Build.0 = Debug|iPhoneSimulator
		{FB94E4ED-CE54-46AA-9404-4E998355348A}.Debug|x86.ActiveCfg = Debug|iPhone
		{FB94E4ED-CE54-46AA-9404-4E998355348A}.Release|Any CPU.ActiveCfg = Release|iPhone
		{FB94E4ED-CE54-46AA-9404-4E998355348A}.Release|ARM.ActiveCfg = Release|iPhone
		{FB94E4ED-CE54-46AA-9404-4E998355348A}.Release|iPhone.ActiveCfg = Release|iPhone
		{FB94E4ED-CE54-46AA-9404-4E998355348A}.Release|iPhone.Build.0 = Release|iPhone
		{FB94E4ED-CE54-46AA-9404-4E998355348A}.Release|iPhoneSimulator.ActiveCfg = Release|iPhoneSimulator
		{FB94E4ED-CE54-46AA-9404-4E998355348A}.Release|iPhoneSimulator.Build.0 = Release|iPhoneSimulator
		{FB94E4ED-CE54-46AA-9404-4E998355348A}.Release|x86.ActiveCfg = Release|iPhone
		{4A02EBA9-44A3-4D13-8196-FF9C4B993259}.AppStore|Any CPU.ActiveCfg = Release|Any CPU
		{4A02EBA9-44A3-4D13-8196-FF9C4B993259}.AppStore|Any CPU.Build.0 = Release|Any CPU
		{4A02EBA9-44A3-4D13-8196-FF9C4B993259}.AppStore|Any CPU.Deploy.0 = Release|Any CPU
		{4A02EBA9-44A3-4D13-8196-FF9C4B993259}.AppStore|ARM.ActiveCfg = Release|ARM
		{4A02EBA9-44A3-4D13-8196-FF9C4B993259}.AppStore|ARM.Build.0 = Release|ARM
		{4A02EBA9-44A3-4D13-8196-FF9C4B993259}.AppStore|ARM.Deploy.0 = Release|ARM
		{4A02EBA9-44A3-4D13-8196-FF9C4B993259}.AppStore|iPhone.ActiveCfg = Release|Any CPU
		{4A02EBA9-44A3-4D13-8196-FF9C4B993259}.AppStore|iPhone.Build.0 = Release|Any CPU
		{4A02EBA9-44A3-4D13-8196-FF9C4B993259}.AppStore|iPhone.Deploy.0 = Release|Any CPU
		{4A02EBA9-44A3-4D13-8196-FF9C4B993259}.AppStore|iPhoneSimulator.ActiveCfg = Release|Any CPU
		{4A02EBA9-44A3-4D13-8196-FF9C4B993259}.AppStore|iPhoneSimulator.Build.0 = Release|Any CPU
		{4A02EBA9-44A3-4D13-8196-FF9C4B993259}.AppStore|iPhoneSimulator.Deploy.0 = Release|Any CPU
		{4A02EBA9-44A3-4D13-8196-FF9C4B993259}.AppStore|x86.ActiveCfg = Release|x86
		{4A02EBA9-44A3-4D13-8196-FF9C4B993259}.AppStore|x86.Build.0 = Release|x86
		{4A02EBA9-44A3-4D13-8196-FF9C4B993259}.AppStore|x86.Deploy.0 = Release|x86
		{4A02EBA9-44A3-4D13-8196-FF9C4B993259}.Debug|Any CPU.ActiveCfg = Debug|Any CPU
		{4A02EBA9-44A3-4D13-8196-FF9C4B993259}.Debug|Any CPU.Build.0 = Debug|Any CPU
		{4A02EBA9-44A3-4D13-8196-FF9C4B993259}.Debug|Any CPU.Deploy.0 = Debug|Any CPU
		{4A02EBA9-44A3-4D13-8196-FF9C4B993259}.Debug|ARM.ActiveCfg = Debug|ARM
		{4A02EBA9-44A3-4D13-8196-FF9C4B993259}.Debug|ARM.Build.0 = Debug|ARM
		{4A02EBA9-44A3-4D13-8196-FF9C4B993259}.Debug|ARM.Deploy.0 = Debug|ARM
		{4A02EBA9-44A3-4D13-8196-FF9C4B993259}.Debug|iPhone.ActiveCfg = Debug|Any CPU
		{4A02EBA9-44A3-4D13-8196-FF9C4B993259}.Debug|iPhone.Build.0 = Debug|Any CPU
		{4A02EBA9-44A3-4D13-8196-FF9C4B993259}.Debug|iPhone.Deploy.0 = Debug|Any CPU
		{4A02EBA9-44A3-4D13-8196-FF9C4B993259}.Debug|iPhoneSimulator.ActiveCfg = Debug|Any CPU
		{4A02EBA9-44A3-4D13-8196-FF9C4B993259}.Debug|iPhoneSimulator.Build.0 = Debug|Any CPU
		{4A02EBA9-44A3-4D13-8196-FF9C4B993259}.Debug|iPhoneSimulator.Deploy.0 = Debug|Any CPU
		{4A02EBA9-44A3-4D13-8196-FF9C4B993259}.Debug|x86.ActiveCfg = Debug|x86
		{4A02EBA9-44A3-4D13-8196-FF9C4B993259}.Debug|x86.Build.0 = Debug|x86
		{4A02EBA9-44A3-4D13-8196-FF9C4B993259}.Debug|x86.Deploy.0 = Debug|x86
		{4A02EBA9-44A3-4D13-8196-FF9C4B993259}.Release|Any CPU.ActiveCfg = Release|Any CPU
		{4A02EBA9-44A3-4D13-8196-FF9C4B993259}.Release|Any CPU.Build.0 = Release|Any CPU
		{4A02EBA9-44A3-4D13-8196-FF9C4B993259}.Release|Any CPU.Deploy.0 = Release|Any CPU
		{4A02EBA9-44A3-4D13-8196-FF9C4B993259}.Release|ARM.ActiveCfg = Release|ARM
		{4A02EBA9-44A3-4D13-8196-FF9C4B993259}.Release|ARM.Build.0 = Release|ARM
		{4A02EBA9-44A3-4D13-8196-FF9C4B993259}.Release|ARM.Deploy.0 = Release|ARM
		{4A02EBA9-44A3-4D13-8196-FF9C4B993259}.Release|iPhone.ActiveCfg = Release|Any CPU
		{4A02EBA9-44A3-4D13-8196-FF9C4B993259}.Release|iPhone.Build.0 = Release|Any CPU
		{4A02EBA9-44A3-4D13-8196-FF9C4B993259}.Release|iPhone.Deploy.0 = Release|Any CPU
		{4A02EBA9-44A3-4D13-8196-FF9C4B993259}.Release|iPhoneSimulator.ActiveCfg = Release|Any CPU
		{4A02EBA9-44A3-4D13-8196-FF9C4B993259}.Release|iPhoneSimulator.Build.0 = Release|Any CPU
		{4A02EBA9-44A3-4D13-8196-FF9C4B993259}.Release|iPhoneSimulator.Deploy.0 = Release|Any CPU
		{4A02EBA9-44A3-4D13-8196-FF9C4B993259}.Release|x86.ActiveCfg = Release|x86
		{4A02EBA9-44A3-4D13-8196-FF9C4B993259}.Release|x86.Build.0 = Release|x86
		{4A02EBA9-44A3-4D13-8196-FF9C4B993259}.Release|x86.Deploy.0 = Release|x86
		{EA6D6C6C-E160-414E-8A80-BB99EB2F1479}.AppStore|Any CPU.ActiveCfg = Release|Any CPU
		{EA6D6C6C-E160-414E-8A80-BB99EB2F1479}.AppStore|Any CPU.Build.0 = Release|Any CPU
		{EA6D6C6C-E160-414E-8A80-BB99EB2F1479}.AppStore|ARM.ActiveCfg = Release|Any CPU
		{EA6D6C6C-E160-414E-8A80-BB99EB2F1479}.AppStore|ARM.Build.0 = Release|Any CPU
		{EA6D6C6C-E160-414E-8A80-BB99EB2F1479}.AppStore|iPhone.ActiveCfg = Release|Any CPU
		{EA6D6C6C-E160-414E-8A80-BB99EB2F1479}.AppStore|iPhone.Build.0 = Release|Any CPU
		{EA6D6C6C-E160-414E-8A80-BB99EB2F1479}.AppStore|iPhoneSimulator.ActiveCfg = Release|Any CPU
		{EA6D6C6C-E160-414E-8A80-BB99EB2F1479}.AppStore|iPhoneSimulator.Build.0 = Release|Any CPU
		{EA6D6C6C-E160-414E-8A80-BB99EB2F1479}.AppStore|x86.ActiveCfg = Release|Any CPU
		{EA6D6C6C-E160-414E-8A80-BB99EB2F1479}.AppStore|x86.Build.0 = Release|Any CPU
		{EA6D6C6C-E160-414E-8A80-BB99EB2F1479}.Debug|Any CPU.ActiveCfg = Debug|Any CPU
		{EA6D6C6C-E160-414E-8A80-BB99EB2F1479}.Debug|Any CPU.Build.0 = Debug|Any CPU
		{EA6D6C6C-E160-414E-8A80-BB99EB2F1479}.Debug|ARM.ActiveCfg = Debug|Any CPU
		{EA6D6C6C-E160-414E-8A80-BB99EB2F1479}.Debug|ARM.Build.0 = Debug|Any CPU
		{EA6D6C6C-E160-414E-8A80-BB99EB2F1479}.Debug|iPhone.ActiveCfg = Debug|Any CPU
		{EA6D6C6C-E160-414E-8A80-BB99EB2F1479}.Debug|iPhone.Build.0 = Debug|Any CPU
		{EA6D6C6C-E160-414E-8A80-BB99EB2F1479}.Debug|iPhoneSimulator.ActiveCfg = Debug|Any CPU
		{EA6D6C6C-E160-414E-8A80-BB99EB2F1479}.Debug|iPhoneSimulator.Build.0 = Debug|Any CPU
		{EA6D6C6C-E160-414E-8A80-BB99EB2F1479}.Debug|x86.ActiveCfg = Debug|Any CPU
		{EA6D6C6C-E160-414E-8A80-BB99EB2F1479}.Debug|x86.Build.0 = Debug|Any CPU
		{EA6D6C6C-E160-414E-8A80-BB99EB2F1479}.Release|Any CPU.ActiveCfg = Release|Any CPU
		{EA6D6C6C-E160-414E-8A80-BB99EB2F1479}.Release|Any CPU.Build.0 = Release|Any CPU
		{EA6D6C6C-E160-414E-8A80-BB99EB2F1479}.Release|ARM.ActiveCfg = Release|Any CPU
		{EA6D6C6C-E160-414E-8A80-BB99EB2F1479}.Release|ARM.Build.0 = Release|Any CPU
		{EA6D6C6C-E160-414E-8A80-BB99EB2F1479}.Release|iPhone.ActiveCfg = Release|Any CPU
		{EA6D6C6C-E160-414E-8A80-BB99EB2F1479}.Release|iPhone.Build.0 = Release|Any CPU
		{EA6D6C6C-E160-414E-8A80-BB99EB2F1479}.Release|iPhoneSimulator.ActiveCfg = Release|Any CPU
		{EA6D6C6C-E160-414E-8A80-BB99EB2F1479}.Release|iPhoneSimulator.Build.0 = Release|Any CPU
		{EA6D6C6C-E160-414E-8A80-BB99EB2F1479}.Release|x86.ActiveCfg = Release|Any CPU
		{EA6D6C6C-E160-414E-8A80-BB99EB2F1479}.Release|x86.Build.0 = Release|Any CPU
	EndGlobalSection
	GlobalSection(SolutionProperties) = preSolution
		HideSolutionNode = FALSE
	EndGlobalSection
EndGlobal
